
Microsoft Visual Studio Solution File, Format Version 12.00
# Visual Studio 15
VisualStudioVersion = 15.0.27004.2008
MinimumVisualStudioVersion = 10.0.40219.1
Project("{9A19103F-16F7-4668-BE54-9A1E7A4F7556}") = "PromotionEngineDemo", "PromotionEngineDemo\PromotionEngineDemo.csproj", "{29128E19-DD24-4CF9-A1D9-6A4484E8178D}"
EndProject
Project("{9A19103F-16F7-4668-BE54-9A1E7A4F7556}") = "PromotionEngineOrchestration", "PromotionEngineOrchestration\PromotionEngineOrchestration.csproj", "{8F1DB3CB-E047-4DD3-A84F-1FE22A4723E3}"
EndProject
Project("{9A19103F-16F7-4668-BE54-9A1E7A4F7556}") = "PromotionEngine.Entity", "PromotionEngine.Entity\PromotionEngine.Entity.csproj", "{4EE5321F-F505-4763-9E6F-9C1B8492A5DC}"
EndProject
Project("{FAE04EC0-301F-11D3-BF4B-00C04F79EFBC}") = "PromotionEngineOrchestration.Test", "PromotionEngineOrchestration.Test\PromotionEngineOrchestration.Test.csproj", "{BBAC1C42-C6A2-4079-A6E9-E424C34DE381}"
EndProject
Global
	GlobalSection(SolutionConfigurationPlatforms) = preSolution
		Debug|Any CPU = Debug|Any CPU
		Release|Any CPU = Release|Any CPU
	EndGlobalSection
	GlobalSection(ProjectConfigurationPlatforms) = postSolution
		{29128E19-DD24-4CF9-A1D9-6A4484E8178D}.Debug|Any CPU.ActiveCfg = Debug|Any CPU
		{29128E19-DD24-4CF9-A1D9-6A4484E8178D}.Debug|Any CPU.Build.0 = Debug|Any CPU
		{29128E19-DD24-4CF9-A1D9-6A4484E8178D}.Release|Any CPU.ActiveCfg = Release|Any CPU
		{29128E19-DD24-4CF9-A1D9-6A4484E8178D}.Release|Any CPU.Build.0 = Release|Any CPU
		{8F1DB3CB-E047-4DD3-A84F-1FE22A4723E3}.Debug|Any CPU.ActiveCfg = Debug|Any CPU
		{8F1DB3CB-E047-4DD3-A84F-1FE22A4723E3}.Debug|Any CPU.Build.0 = Debug|Any CPU
		{8F1DB3CB-E047-4DD3-A84F-1FE22A4723E3}.Release|Any CPU.ActiveCfg = Release|Any CPU
		{8F1DB3CB-E047-4DD3-A84F-1FE22A4723E3}.Release|Any CPU.Build.0 = Release|Any CPU
		{4EE5321F-F505-4763-9E6F-9C1B8492A5DC}.Debug|Any CPU.ActiveCfg = Debug|Any CPU
		{4EE5321F-F505-4763-9E6F-9C1B8492A5DC}.Debug|Any CPU.Build.0 = Debug|Any CPU
		{4EE5321F-F505-4763-9E6F-9C1B8492A5DC}.Release|Any CPU.ActiveCfg = Release|Any CPU
		{4EE5321F-F505-4763-9E6F-9C1B8492A5DC}.Release|Any CPU.Build.0 = Release|Any CPU
		{BBAC1C42-C6A2-4079-A6E9-E424C34DE381}.Debug|Any CPU.ActiveCfg = Debug|Any CPU
		{BBAC1C42-C6A2-4079-A6E9-E424C34DE381}.Debug|Any CPU.Build.0 = Debug|Any CPU
		{BBAC1C42-C6A2-4079-A6E9-E424C34DE381}.Release|Any CPU.ActiveCfg = Release|Any CPU
		{BBAC1C42-C6A2-4079-A6E9-E424C34DE381}.Release|Any CPU.Build.0 = Release|Any CPU
	EndGlobalSection
	GlobalSection(SolutionProperties) = preSolution
		HideSolutionNode = FALSE
	EndGlobalSection
	GlobalSection(ExtensibilityGlobals) = postSolution
		SolutionGuid = {985473E6-3234-432B-9DB2-7F3E13D880B2}
	EndGlobalSection
EndGlobal
